lockfileVersion: '9.0'

settings:
  autoInstallPeers: true
  excludeLinksFromLockfile: false

importers:

  .:
    dependencies:
      bootstrap:
        specifier: ^5.3.3
        version: 5.3.3(@popperjs/core@2.11.8)
      gsap:
        specifier: ^3.12.5
        version: 3.12.5
      jquery:
        specifier: ^3.7.1
        version: 3.7.1

packages:

  '@popperjs/core@2.11.8':
    resolution: {integrity: sha512-P1st0aksCrn9sGZhp8GMYwBnQsbvAWsZAX44oXNNvLHGqAOcoVxmjZiohstwQ7SqKnbR47akdNi+uleWD8+g6A==}

  bootstrap@5.3.3:
    resolution: {integrity: sha512-8HLCdWgyoMguSO9o+aH+iuZ+aht+mzW0u3HIMzVu7Srrpv7EBBxTnrFlSCskwdY1+EOFQSm7uMJhNQHkdPcmjg==}
    peerDependencies:
      '@popperjs/core': ^2.11.8

  gsap@3.12.5:
    resolution: {integrity: sha512-srBfnk4n+Oe/ZnMIOXt3gT605BX9x5+rh/prT2F1SsNJsU1XuMiP0E2aptW481OnonOGACZWBqseH5Z7csHxhQ==}

  jquery@3.7.1:
    resolution: {integrity: sha512-m4avr8yL8kmFN8psrbFFFmB/If14iN5o9nw/NgnnM+kybDJpRsAynV2BsfpTYrTRysYUdADVD7CkUUizgkpLfg==}

snapshots:

  '@popperjs/core@2.11.8': {}

  bootstrap@5.3.3(@popperjs/core@2.11.8):
    dependencies:
      '@popperjs/core': 2.11.8

  gsap@3.12.5: {}

  jquery@3.7.1: {}
